# This file is generated by running "yarn install" inside your project.
# Manual changes might be lost - proceed with caution!

__metadata:
  version: 8
  cacheKey: 10c0

"@tsconfig/strictest@npm:^2.0.8":
  version: 2.0.8
  resolution: "@tsconfig/strictest@npm:2.0.8"
  checksum: 10c0/96d7f1c6988c284886e7f2caea87415a6ebc779dc24c3f102cfa83b7d924da1363176b09c4600d11a1205bf2d819f35515c542a4bbcbe2fe13c1d7833376d203
  languageName: node
  linkType: hard

"@tsconfig/vite-react@npm:^7.0.2":
  version: 7.0.2
  resolution: "@tsconfig/vite-react@npm:7.0.2"
  checksum: 10c0/cc63685e4f7b70a2ca34becb81939dad3f852f5640b6072aeeb2671b41f8bd1d80746ac7438c166090d6f22ca41db89282238e09a8877b8ac495c9fb0fa58257
  languageName: node
  linkType: hard

"tinyshare@workspace:.":
  version: 0.0.0-use.local
  resolution: "tinyshare@workspace:."
  dependencies:
    "@tsconfig/strictest": "npm:^2.0.8"
    "@tsconfig/vite-react": "npm:^7.0.2"
    typescript: "npm:^5.9.3"
  languageName: unknown
  linkType: soft

"typescript@npm:^5.9.3":
  version: 5.9.3
  resolution: "typescript@npm:5.9.3"
  bin:
    tsc: bin/tsc
    tsserver: bin/tsserver
  checksum: 10c0/6bd7552ce39f97e711db5aa048f6f9995b53f1c52f7d8667c1abdc1700c68a76a308f579cd309ce6b53646deb4e9a1be7c813a93baaf0a28ccd536a30270e1c5
  languageName: node
  linkType: hard

"typescript@patch:typescript@npm%3A^5.9.3#optional!builtin<compat/typescript>":
  version: 5.9.3
  resolution: "typescript@patch:typescript@npm%3A5.9.3#optional!builtin<compat/typescript>::version=5.9.3&hash=5786d5"
  bin:
    tsc: bin/tsc
    tsserver: bin/tsserver
  checksum: 10c0/ad09fdf7a756814dce65bc60c1657b40d44451346858eea230e10f2e95a289d9183b6e32e5c11e95acc0ccc214b4f36289dcad4bf1886b0adb84d711d336a430
  languageName: node
  linkType: hard
